
Microsoft Visual Studio Solution File, Format Version 12.00
# Visual Studio Version 16
VisualStudioVersion = 16.0.30523.141
MinimumVisualStudioVersion = 10.0.40219.1
Project("{FAE04EC0-301F-11D3-BF4B-00C04F79EFBC}") = "HarcosProjekt", "HarcosProjekt\HarcosProjekt.csproj", "{01D05D31-D1C7-42BA-BCD7-46FCEBC3659B}"
EndProject
Global
	GlobalSection(SolutionConfigurationPlatforms) = preSolution
		Debug|Any CPU = Debug|Any CPU
		Release|Any CPU = Release|Any CPU
	EndGlobalSection
	GlobalSection(ProjectConfigurationPlatforms) = postSolution
		{01D05D31-D1C7-42BA-BCD7-46FCEBC3659B}.Debug|Any CPU.ActiveCfg = Debug|Any CPU
		{01D05D31-D1C7-42BA-BCD7-46FCEBC3659B}.Debug|Any CPU.Build.0 = Debug|Any CPU
		{01D05D31-D1C7-42BA-BCD7-46FCEBC3659B}.Release|Any CPU.ActiveCfg = Release|Any CPU
		{01D05D31-D1C7-42BA-BCD7-46FCEBC3659B}.Release|Any CPU.Build.0 = Release|Any CPU
	EndGlobalSection
	GlobalSection(SolutionProperties) = preSolution
		HideSolutionNode = FALSE
	EndGlobalSection
	GlobalSection(ExtensibilityGlobals) = postSolution
		SolutionGuid = {773A1978-7F0A-4E50-BD10-E3E5C93D7281}
	EndGlobalSection
EndGlobal
